
Microsoft Visual Studio Solution File, Format Version 12.00
# Visual Studio Version 16
VisualStudioVersion = 16.0.30320.27
MinimumVisualStudioVersion = 10.0.40219.1
Project("{FAE04EC0-301F-11D3-BF4B-00C04F79EFBC}") = "OOP_project1", "OOP_project1\OOP_project1.csproj", "{B7046ABF-29DE-4D04-B5CB-EAEC01FAE653}"
EndProject
Global
	GlobalSection(SolutionConfigurationPlatforms) = preSolution
		Debug|Any CPU = Debug|Any CPU
		Release|Any CPU = Release|Any CPU
	EndGlobalSection
	GlobalSection(ProjectConfigurationPlatforms) = postSolution
		{B7046ABF-29DE-4D04-B5CB-EAEC01FAE653}.Debug|Any CPU.ActiveCfg = Debug|Any CPU
		{B7046ABF-29DE-4D04-B5CB-EAEC01FAE653}.Debug|Any CPU.Build.0 = Debug|Any CPU
		{B7046ABF-29DE-4D04-B5CB-EAEC01FAE653}.Release|Any CPU.ActiveCfg = Release|Any CPU
		{B7046ABF-29DE-4D04-B5CB-EAEC01FAE653}.Release|Any CPU.Build.0 = Release|Any CPU
	EndGlobalSection
	GlobalSection(SolutionProperties) = preSolution
		HideSolutionNode = FALSE
	EndGlobalSection
	GlobalSection(ExtensibilityGlobals) = postSolution
		SolutionGuid = {F8AA1933-D4C9-4CA4-9C47-4345548844AD}
	EndGlobalSection
EndGlobal
